
Microsoft Visual Studio Solution File, Format Version 12.00
# Visual Studio 14
VisualStudioVersion = 14.0.25420.1
MinimumVisualStudioVersion = 10.0.40219.1
Project("{FAE04EC0-301F-11D3-BF4B-00C04F79EFBC}") = "BIA.GUI", "BIA.GUI\BIA.GUI.csproj", "{2891360E-1F9E-4E63-A88A-DB5C6B70D2E2}"
EndProject
Project("{FAE04EC0-301F-11D3-BF4B-00C04F79EFBC}") = "BIA.Console", "BIA.Console\BIA.Console.csproj", "{9379CA0F-6477-4993-9135-B819B7BADAE8}"
EndProject
Project("{FAE04EC0-301F-11D3-BF4B-00C04F79EFBC}") = "BIA.Library", "BIA.Library\BIA.Library.csproj", "{771B6E16-DF36-4074-A9F5-0B6D9F61495C}"
EndProject
Global
	GlobalSection(SolutionConfigurationPlatforms) = preSolution
		Debug|Any CPU = Debug|Any CPU
		Release|Any CPU = Release|Any CPU
	EndGlobalSection
	GlobalSection(ProjectConfigurationPlatforms) = postSolution
		{2891360E-1F9E-4E63-A88A-DB5C6B70D2E2}.Debug|Any CPU.ActiveCfg = Debug|Any CPU
		{2891360E-1F9E-4E63-A88A-DB5C6B70D2E2}.Debug|Any CPU.Build.0 = Debug|Any CPU
		{2891360E-1F9E-4E63-A88A-DB5C6B70D2E2}.Release|Any CPU.ActiveCfg = Release|Any CPU
		{2891360E-1F9E-4E63-A88A-DB5C6B70D2E2}.Release|Any CPU.Build.0 = Release|Any CPU
		{9379CA0F-6477-4993-9135-B819B7BADAE8}.Debug|Any CPU.ActiveCfg = Debug|Any CPU
		{9379CA0F-6477-4993-9135-B819B7BADAE8}.Debug|Any CPU.Build.0 = Debug|Any CPU
		{9379CA0F-6477-4993-9135-B819B7BADAE8}.Release|Any CPU.ActiveCfg = Release|Any CPU
		{9379CA0F-6477-4993-9135-B819B7BADAE8}.Release|Any CPU.Build.0 = Release|Any CPU
		{771B6E16-DF36-4074-A9F5-0B6D9F61495C}.Debug|Any CPU.ActiveCfg = Debug|Any CPU
		{771B6E16-DF36-4074-A9F5-0B6D9F61495C}.Debug|Any CPU.Build.0 = Debug|Any CPU
		{771B6E16-DF36-4074-A9F5-0B6D9F61495C}.Release|Any CPU.ActiveCfg = Release|Any CPU
		{771B6E16-DF36-4074-A9F5-0B6D9F61495C}.Release|Any CPU.Build.0 = Release|Any CPU
	EndGlobalSection
	GlobalSection(SolutionProperties) = preSolution
		HideSolutionNode = FALSE
	EndGlobalSection
EndGlobal
